
Microsoft Visual Studio Solution File, Format Version 12.00
# Visual Studio 15
VisualStudioVersion = 15.0.28307.572
MinimumVisualStudioVersion = 10.0.40219.1
Project("{FAE04EC0-301F-11D3-BF4B-00C04F79EFBC}") = "OutlookItemsEventsDemo", "OutlookItemsEventsDemo.csproj", "{D7CC02D7-BED7-4971-9F1C-9B2552B007DC}"
EndProject
Global
	GlobalSection(SolutionConfigurationPlatforms) = preSolution
		Debug|Any CPU = Debug|Any CPU
		Release|Any CPU = Release|Any CPU
	EndGlobalSection
	GlobalSection(ProjectConfigurationPlatforms) = postSolution
		{D7CC02D7-BED7-4971-9F1C-9B2552B007DC}.Debug|Any CPU.ActiveCfg = Debug|Any CPU
		{D7CC02D7-BED7-4971-9F1C-9B2552B007DC}.Debug|Any CPU.Build.0 = Debug|Any CPU
		{D7CC02D7-BED7-4971-9F1C-9B2552B007DC}.Release|Any CPU.ActiveCfg = Release|Any CPU
		{D7CC02D7-BED7-4971-9F1C-9B2552B007DC}.Release|Any CPU.Build.0 = Release|Any CPU
	EndGlobalSection
	GlobalSection(SolutionProperties) = preSolution
		HideSolutionNode = FALSE
	EndGlobalSection
	GlobalSection(ExtensibilityGlobals) = postSolution
		SolutionGuid = {512C638E-E7FD-4300-8913-0338C3CB35FE}
	EndGlobalSection
EndGlobal
